
Microsoft Visual Studio Solution File, Format Version 12.00
# Visual Studio Version 17
VisualStudioVersion = 17.0.31903.59
MinimumVisualStudioVersion = 10.0.40219.1
Project("{2150E333-8FDC-42A3-9474-1A3956D46DE8}") = "src", "src", "{827E0CD3-B72D-47B6-A68D-7590B98EB39B}"
EndProject
Project("{FAE04EC0-301F-11D3-BF4B-00C04F79EFBC}") = "AiMeetingAssistant.Api", "src\AiMeetingAssistant.Api\AiMeetingAssistant.Api.csproj", "{86AD34C2-7738-4E03-9C96-7DBAF2974278}"
EndProject
Project("{FAE04EC0-301F-11D3-BF4B-00C04F79EFBC}") = "AiMeetingAssistant.Core", "src\AiMeetingAssistant.Core\AiMeetingAssistant.Core.csproj", "{1DD7E1F2-7D05-48A9-90A0-BCEAB29498CD}"
EndProject
Project("{FAE04EC0-301F-11D3-BF4B-00C04F79EFBC}") = "AiMeetingAssistant.Infrastructure", "src\AiMeetingAssistant.Infrastructure\AiMeetingAssistant.Infrastructure.csproj", "{56E771FC-65D6-43D9-9226-ABBE196F3F54}"
EndProject
Global
	GlobalSection(SolutionConfigurationPlatforms) = preSolution
		Debug|Any CPU = Debug|Any CPU
		Debug|x64 = Debug|x64
		Debug|x86 = Debug|x86
		Release|Any CPU = Release|Any CPU
		Release|x64 = Release|x64
		Release|x86 = Release|x86
	EndGlobalSection
	GlobalSection(ProjectConfigurationPlatforms) = postSolution
		{86AD34C2-7738-4E03-9C96-7DBAF2974278}.Debug|Any CPU.ActiveCfg = Debug|Any CPU
		{86AD34C2-7738-4E03-9C96-7DBAF2974278}.Debug|Any CPU.Build.0 = Debug|Any CPU
		{86AD34C2-7738-4E03-9C96-7DBAF2974278}.Debug|x64.ActiveCfg = Debug|Any CPU
		{86AD34C2-7738-4E03-9C96-7DBAF2974278}.Debug|x64.Build.0 = Debug|Any CPU
		{86AD34C2-7738-4E03-9C96-7DBAF2974278}.Debug|x86.ActiveCfg = Debug|Any CPU
		{86AD34C2-7738-4E03-9C96-7DBAF2974278}.Debug|x86.Build.0 = Debug|Any CPU
		{86AD34C2-7738-4E03-9C96-7DBAF2974278}.Release|Any CPU.ActiveCfg = Release|Any CPU
		{86AD34C2-7738-4E03-9C96-7DBAF2974278}.Release|Any CPU.Build.0 = Release|Any CPU
		{86AD34C2-7738-4E03-9C96-7DBAF2974278}.Release|x64.ActiveCfg = Release|Any CPU
		{86AD34C2-7738-4E03-9C96-7DBAF2974278}.Release|x64.Build.0 = Release|Any CPU
		{86AD34C2-7738-4E03-9C96-7DBAF2974278}.Release|x86.ActiveCfg = Release|Any CPU
		{86AD34C2-7738-4E03-9C96-7DBAF2974278}.Release|x86.Build.0 = Release|Any CPU
		{1DD7E1F2-7D05-48A9-90A0-BCEAB29498CD}.Debug|Any CPU.ActiveCfg = Debug|Any CPU
		{1DD7E1F2-7D05-48A9-90A0-BCEAB29498CD}.Debug|Any CPU.Build.0 = Debug|Any CPU
		{1DD7E1F2-7D05-48A9-90A0-BCEAB29498CD}.Debug|x64.ActiveCfg = Debug|Any CPU
		{1DD7E1F2-7D05-48A9-90A0-BCEAB29498CD}.Debug|x64.Build.0 = Debug|Any CPU
		{1DD7E1F2-7D05-48A9-90A0-BCEAB29498CD}.Debug|x86.ActiveCfg = Debug|Any CPU
		{1DD7E1F2-7D05-48A9-90A0-BCEAB29498CD}.Debug|x86.Build.0 = Debug|Any CPU
		{1DD7E1F2-7D05-48A9-90A0-BCEAB29498CD}.Release|Any CPU.ActiveCfg = Release|Any CPU
		{1DD7E1F2-7D05-48A9-90A0-BCEAB29498CD}.Release|Any CPU.Build.0 = Release|Any CPU
		{1DD7E1F2-7D05-48A9-90A0-BCEAB29498CD}.Release|x64.ActiveCfg = Release|Any CPU
		{1DD7E1F2-7D05-48A9-90A0-BCEAB29498CD}.Release|x64.Build.0 = Release|Any CPU
		{1DD7E1F2-7D05-48A9-90A0-BCEAB29498CD}.Release|x86.ActiveCfg = Release|Any CPU
		{1DD7E1F2-7D05-48A9-90A0-BCEAB29498CD}.Release|x86.Build.0 = Release|Any CPU
		{56E771FC-65D6-43D9-9226-ABBE196F3F54}.Debug|Any CPU.ActiveCfg = Debug|Any CPU
		{56E771FC-65D6-43D9-9226-ABBE196F3F54}.Debug|Any CPU.Build.0 = Debug|Any CPU
		{56E771FC-65D6-43D9-9226-ABBE196F3F54}.Debug|x64.ActiveCfg = Debug|Any CPU
		{56E771FC-65D6-43D9-9226-ABBE196F3F54}.Debug|x64.Build.0 = Debug|Any CPU
		{56E771FC-65D6-43D9-9226-ABBE196F3F54}.Debug|x86.ActiveCfg = Debug|Any CPU
		{56E771FC-65D6-43D9-9226-ABBE196F3F54}.Debug|x86.Build.0 = Debug|Any CPU
		{56E771FC-65D6-43D9-9226-ABBE196F3F54}.Release|Any CPU.ActiveCfg = Release|Any CPU
		{56E771FC-65D6-43D9-9226-ABBE196F3F54}.Release|Any CPU.Build.0 = Release|Any CPU
		{56E771FC-65D6-43D9-9226-ABBE196F3F54}.Release|x64.ActiveCfg = Release|Any CPU
		{56E771FC-65D6-43D9-9226-ABBE196F3F54}.Release|x64.Build.0 = Release|Any CPU
		{56E771FC-65D6-43D9-9226-ABBE196F3F54}.Release|x86.ActiveCfg = Release|Any CPU
		{56E771FC-65D6-43D9-9226-ABBE196F3F54}.Release|x86.Build.0 = Release|Any CPU
	EndGlobalSection
	GlobalSection(SolutionProperties) = preSolution
		HideSolutionNode = FALSE
	EndGlobalSection
	GlobalSection(NestedProjects) = preSolution
		{86AD34C2-7738-4E03-9C96-7DBAF2974278} = {827E0CD3-B72D-47B6-A68D-7590B98EB39B}
		{1DD7E1F2-7D05-48A9-90A0-BCEAB29498CD} = {827E0CD3-B72D-47B6-A68D-7590B98EB39B}
		{56E771FC-65D6-43D9-9226-ABBE196F3F54} = {827E0CD3-B72D-47B6-A68D-7590B98EB39B}
	EndGlobalSection
EndGlobal
